// !$*UTF8*$!
{
	archiveVersion = 1;
	classes = {
	};
	objectVersion = 50;
	objects = {

/* Begin PBXBuildFile section */
		5236AFF72416B0F900C2B55F /* AppDelegate.swift in Sources */ = {isa = PBXBuildFile; fileRef = 5236AFF62416B0F900C2B55F /* AppDelegate.swift */; };
		5236AFF92416B0F900C2B55F /* SceneDelegate.swift in Sources */ = {isa = PBXBuildFile; fileRef = 5236AFF82416B0F900C2B55F /* SceneDelegate.swift */; };
		5236AFFB2416B0F900C2B55F /* ContentView.swift in Sources */ = {isa = PBXBuildFile; fileRef = 5236AFFA2416B0F900C2B55F /* ContentView.swift */; };
		5236AFFD2416B0FA00C2B55F /* Assets.xcassets in Resources */ = {isa = PBXBuildFile; fileRef = 5236AFFC2416B0FA00C2B55F /* Assets.xcassets */; };
		5236B0002416B0FA00C2B55F /* Preview Assets.xcassets in Resources */ = {isa = PBXBuildFile; fileRef = 5236AFFF2416B0FA00C2B55F /* Preview Assets.xcassets */; };
		5236B0032416B0FA00C2B55F /* LaunchScreen.storyboard in Resources */ = {isa = PBXBuildFile; fileRef = 5236B0012416B0FA00C2B55F /* LaunchScreen.storyboard */; };
/* End PBXBuildFile section */

/* Begin PBXFileReference section */
		5236AFF32416B0F900C2B55F /* Udder-iOS13.app */ = {isa = PBXFileReference; explicitFileType = wrapper.application; includeInIndex = 0; path = "Udder-iOS13.app"; sourceTree = BUILT_PRODUCTS_DIR; };
		5236AFF62416B0F900C2B55F /* AppDelegate.swift */ = {isa = PBXFileReference; lastKnownFileType = sourcecode.swift; path = AppDelegate.swift; sourceTree = "<group>"; };
		5236AFF82416B0F900C2B55F /* SceneDelegate.swift */ = {isa = PBXFileReference; lastKnownFileType = sourcecode.swift; path = SceneDelegate.swift; sourceTree = "<group>"; };
		5236AFFA2416B0F900C2B55F /* ContentView.swift */ = {isa = PBXFileReference; lastKnownFileType = sourcecode.swift; path = ContentView.swift; sourceTree = "<group>"; };
		5236AFFC2416B0FA00C2B55F /* Assets.xcassets */ = {isa = PBXFileReference; lastKnownFileType = folder.assetcatalog; path = Assets.xcassets; sourceTree = "<group>"; };
		5236AFFF2416B0FA00C2B55F /* Preview Assets.xcassets */ = {isa = PBXFileReference; lastKnownFileType = folder.assetcatalog; path = "Preview Assets.xcassets"; sourceTree = "<group>"; };
		5236B0022416B0FA00C2B55F /* Base */ = {isa = PBXFileReference; lastKnownFileType = file.storyboard; name = Base; path = Base.lproj/LaunchScreen.storyboard; sourceTree = "<group>"; };
		5236B0042416B0FA00C2B55F /* Info.plist */ = {isa = PBXFileReference; lastKnownFileType = text.plist.xml; path = Info.plist; sourceTree = "<group>"; };
/* End PBXFileReference section */

/* Begin PBXFrameworksBuildPhase section */
		5236AFF02416B0F900C2B55F /* Frameworks */ = {
			isa = PBXFrameworksBuildPhase;
			buildActionMask = 2147483647;
			files = (
			);
			runOnlyForDeploymentPostprocessing = 0;
		};
/* End PBXFrameworksBuildPhase section */

/* Begin PBXGroup section */
		5236AFEA2416B0F900C2B55F = {
			isa = PBXGroup;
			children = (
				5236AFF52416B0F900C2B55F /* Udder-iOS13 */,
				5236AFF42416B0F900C2B55F /* Products */,
			);
			sourceTree = "<group>";
		};
		5236AFF42416B0F900C2B55F /* Products */ = {
			isa = PBXGroup;
			children = (
				5236AFF32416B0F900C2B55F /* Udder-iOS13.app */,
			);
			name = Products;
			sourceTree = "<group>";
		};
		5236AFF52416B0F900C2B55F /* Udder-iOS13 */ = {
			isa = PBXGroup;
			children = (
				5236AFF62416B0F900C2B55F /* AppDelegate.swift */,
				5236AFF82416B0F900C2B55F /* SceneDelegate.swift */,
				5236AFFA2416B0F900C2B55F /* ContentView.swift */,
				5236AFFC2416B0FA00C2B55F /* Assets.xcassets */,
				5236B0012416B0FA00C2B55F /* LaunchScreen.storyboard */,
				5236B0042416B0FA00C2B55F /* Info.plist */,
				5236AFFE2416B0FA00C2B55F /* Preview Content */,
			);
			path = "Udder-iOS13";
			sourceTree = "<group>";
		};
		5236AFFE2416B0FA00C2B55F /* Preview Content */ = {
			isa = PBXGroup;
			children = (
				5236AFFF2416B0FA00C2B55F /* Preview Assets.xcassets */,
			);
			path = "Preview Content";
			sourceTree = "<group>";
		};
/* End PBXGroup section */

/* Begin PBXNativeTarget section */
		5236AFF22416B0F900C2B55F /* Udder-iOS13 */ = {
			isa = PBXNativeTarget;
			buildConfigurationList = 5236B0072416B0FA00C2B55F /* Build configuration list for PBXNativeTarget "Udder-iOS13" */;
			buildPhases = (
				5236AFEF2416B0F900C2B55F /* Sources */,
				5236AFF02416B0F900C2B55F /* Frameworks */,
				5236AFF12416B0F900C2B55F /* Resources */,
			);
			buildRules = (
			);
			dependencies = (
			);
			name = "Udder-iOS13";
			productName = "Udder-iOS13";
			productReference = 5236AFF32416B0F900C2B55F /* Udder-iOS13.app */;
			productType = "com.apple.product-type.application";
		};
/* End PBXNativeTarget section */

/* Begin PBXProject section */
		5236AFEB2416B0F900C2B55F /* Project object */ = {
			isa = PBXProject;
			attributes = {
				LastSwiftUpdateCheck = 1130;
				LastUpgradeCheck = 1130;
				ORGANIZATIONNAME = "John Cupak";
				TargetAttributes = {
					5236AFF22416B0F900C2B55F = {
						CreatedOnToolsVersion = 11.3.1;
					};
				};
			};
			buildConfigurationList = 5236AFEE2416B0F900C2B55F /* Build configuration list for PBXProject "Udder-iOS13" */;
			compatibilityVersion = "Xcode 9.3";
			developmentRegion = en;
			hasScannedForEncodings = 0;
			knownRegions = (
				en,
				Base,
			);
			mainGroup = 5236AFEA2416B0F900C2B55F;
			productRefGroup = 5236AFF42416B0F900C2B55F /* Products */;
			projectDirPath = "";
			projectRoot = "";
			targets = (
				5236AFF22416B0F900C2B55F /* Udder-iOS13 */,
			);
		};
/* End PBXProject section */

/* Begin PBXResourcesBuildPhase section */
		5236AFF12416B0F900C2B55F /* Resources */ = {
			isa = PBXResourcesBuildPhase;
			buildActionMask = 2147483647;
			files = (
				5236B0032416B0FA00C2B55F /* LaunchScreen.storyboard in Resources */,
				5236B0002416B0FA00C2B55F /* Preview Assets.xcassets in Resources */,
				5236AFFD2416B0FA00C2B55F /* Assets.xcassets in Resources */,
			);
			runOnlyForDeploymentPostprocessing = 0;
		};
/* End PBXResourcesBuildPhase section */

/* Begin PBXSourcesBuildPhase section */
		5236AFEF2416B0F900C2B55F /* Sources */ = {
			isa = PBXSourcesBuildPhase;
			buildActionMask = 2147483647;
			files = (
				5236AFF72416B0F900C2B55F /* AppDelegate.swift in Sources */,
				5236AFF92416B0F900C2B55F /* SceneDelegate.swift in Sources */,
				5236AFFB2416B0F900C2B55F /* ContentView.swift in Sources */,
			);
			runOnlyForDeploymentPostprocessing = 0;
		};
/* End PBXSourcesBuildPhase section */

/* Begin PBXVariantGroup section */
		5236B0012416B0FA00C2B55F /* LaunchScreen.storyboard */ = {
			isa = PBXVariantGroup;
			children = (
				5236B0022416B0FA00C2B55F /* Base */,
			);
			name = LaunchScreen.storyboard;
			sourceTree = "<group>";
		};
/* End PBXVariantGroup section */

/* Begin XCBuildConfiguration section */
		5236B0052416B0FA00C2B55F /* Debug */ = {
			isa = XCBuildConfiguration;
			buildSettings = {
				ALWAYS_SEARCH_USER_PATHS = NO;
				CLANG_ANALYZER_NONNULL = YES;
				CLANG_ANALYZER_NUMBER_OBJECT_CONVERSION = YES_AGGRESSIVE;
				CLANG_CXX_LANGUAGE_STANDARD = "gnu++14";
				CLANG_CXX_LIBRARY = "libc++";
				CLANG_ENABLE_MODULES = YES;
				CLANG_ENABLE_OBJC_ARC = YES;
				CLANG_ENABLE_OBJC_WEAK = YES;
				CLANG_WARN_BLOCK_CAPTURE_AUTORELEASING = YES;
				CLANG_WARN_BOOL_CONVERSION = YES;
				CLANG_WARN_COMMA = YES;
				CLANG_WARN_CONSTANT_CONVERSION = YES;
				CLANG_WARN_DEPRECATED_OBJC_IMPLEMENTATIONS = YES;
				CLANG_WARN_DIRECT_OBJC_ISA_USAGE = YES_ERROR;
				CLANG_WARN_DOCUMENTATION_COMMENTS = YES;
				CLANG_WARN_EMPTY_BODY = YES;
				CLANG_WARN_ENUM_CONVERSION = YES;
				CLANG_WARN_INFINITE_RECURSION = YES;
				CLANG_WARN_INT_CONVERSION = YES;
				CLANG_WARN_NON_LITERAL_NULL_CONVERSION = YES;
				CLANG_WARN_OBJC_IMPLICIT_RETAIN_SELF = YES;
				CLANG_WARN_OBJC_LITERAL_CONVERSION = YES;
				CLANG_WARN_OBJC_ROOT_CLASS = YES_ERROR;
				CLANG_WARN_RANGE_LOOP_ANALYSIS = YES;
				CLANG_WARN_STRICT_PROTOTYPES = YES;
				CLANG_WARN_SUSPICIOUS_MOVE = YES;
				CLANG_WARN_UNGUARDED_AVAILABILITY = YES_AGGRESSIVE;
				CLANG_WARN_UNREACHABLE_CODE = YES;
				CLANG_WARN__DUPLICATE_METHOD_MATCH = YES;
				COPY_PHASE_STRIP = NO;
				DEBUG_INFORMATION_FORMAT = dwarf;
				ENABLE_STRICT_OBJC_MSGSEND = YES;
				ENABLE_TESTABILITY = YES;
				GCC_C_LANGUAGE_STANDARD = gnu11;
				GCC_DYNAMIC_NO_PIC = NO;
				GCC_NO_COMMON_BLOCKS = YES;
				GCC_OPTIMIZATION_LEVEL = 0;
				GCC_PREPROCESSOR_DEFINITIONS = (
					"DEBUG=1",
					"$(inherited)",
				);
				GCC_WARN_64_TO_32_BIT_CONVERSION = YES;
				GCC_WARN_ABOUT_RETURN_TYPE = YES_ERROR;
				GCC_WARN_UNDECLARED_SELECTOR = YES;
				GCC_WARN_UNINITIALIZED_AUTOS = YES_AGGRESSIVE;
				GCC_WARN_UNUSED_FUNCTION = YES;
				GCC_WARN_UNUSED_VARIABLE = YES;
				IPHONEOS_DEPLOYMENT_TARGET = 13.2;
				MTL_ENABLE_DEBUG_INFO = INCLUDE_SOURCE;
				MTL_FAST_MATH = YES;
				ONLY_ACTIVE_ARCH = YES;
				SDKROOT = iphoneos;
				SWIFT_ACTIVE_COMPILATION_CONDITIONS = DEBUG;
				SWIFT_OPTIMIZATION_LEVEL = "-Onone";
			};
			name = Debug;
		};
		5236B0062416B0FA00C2B55F /* Release */ = {
			isa = XCBuildConfiguration;
			buildSettings = {
				ALWAYS_SEARCH_USER_PATHS = NO;
				CLANG_ANALYZER_NONNULL = YES;
				CLANG_ANALYZER_NUMBER_OBJECT_CONVERSION = YES_AGGRESSIVE;
				CLANG_CXX_LANGUAGE_STANDARD = "gnu++14";
				CLANG_CXX_LIBRARY = "libc++";
				CLANG_ENABLE_MODULES = YES;
				CLANG_ENABLE_OBJC_ARC = YES;
				CLANG_ENABLE_OBJC_WEAK = YES;
				CLANG_WARN_BLOCK_CAPTURE_AUTORELEASING = YES;
				CLANG_WARN_BOOL_CONVERSION = YES;
				CLANG_WARN_COMMA = YES;
				CLANG_WARN_CONSTANT_CONVERSION = YES;
				CLANG_WARN_DEPRECATED_OBJC_IMPLEMENTATIONS = YES;
				CLANG_WARN_DIRECT_OBJC_ISA_USAGE = YES_ERROR;
				CLANG_WARN_DOCUMENTATION_COMMENTS = YES;
				CLANG_WARN_EMPTY_BODY = YES;
				CLANG_WARN_ENUM_CONVERSION = YES;
				CLANG_WARN_INFINITE_RECURSION = YES;
				CLANG_WARN_INT_CONVERSION = YES;
				CLANG_WARN_NON_LITERAL_NULL_CONVERSION = YES;
				CLANG_WARN_OBJC_IMPLICIT_RETAIN_SELF = YES;
				CLANG_WARN_OBJC_LITERAL_CONVERSION = YES;
				CLANG_WARN_OBJC_ROOT_CLASS = YES_ERROR;
				CLANG_WARN_RANGE_LOOP_ANALYSIS = YES;
				CLANG_WARN_STRICT_PROTOTYPES = YES;
				CLANG_WARN_SUSPICIOUS_MOVE = YES;
				CLANG_WARN_UNGUARDED_AVAILABILITY = YES_AGGRESSIVE;
				CLANG_WARN_UNREACHABLE_CODE = YES;
				CLANG_WARN__DUPLICATE_METHOD_MATCH = YES;
				COPY_PHASE_STRIP = NO;
				DEBUG_INFORMATION_FORMAT = "dwarf-with-dsym";
				ENABLE_NS_ASSERTIONS = NO;
				ENABLE_STRICT_OBJC_MSGSEND = YES;
				GCC_C_LANGUAGE_STANDARD = gnu11;
				GCC_NO_COMMON_BLOCKS = YES;
				GCC_WARN_64_TO_32_BIT_CONVERSION = YES;
				GCC_WARN_ABOUT_RETURN_TYPE = YES_ERROR;
				GCC_WARN_UNDECLARED_SELECTOR = YES;
				GCC_WARN_UNINITIALIZED_AUTOS = YES_AGGRESSIVE;
				GCC_WARN_UNUSED_FUNCTION = YES;
				GCC_WARN_UNUSED_VARIABLE = YES;
				IPHONEOS_DEPLOYMENT_TARGET = 13.2;
				MTL_ENABLE_DEBUG_INFO = NO;
				MTL_FAST_MATH = YES;
				SDKROOT = iphoneos;
				SWIFT_COMPILATION_MODE = wholemodule;
				SWIFT_OPTIMIZATION_LEVEL = "-O";
				VALIDATE_PRODUCT = YES;
			};
			name = Release;
		};
		5236B0082416B0FA00C2B55F /* Debug */ = {
			isa = XCBuildConfiguration;
			buildSettings = {
				ASSETCATALOG_COMPILER_APPICON_NAME = AppIcon;
				CODE_SIGN_STYLE = Automatic;
				DEVELOPMENT_ASSET_PATHS = "\"Udder-iOS13/Preview Content\"";
				DEVELOPMENT_TEAM = H6XPRE5T84;
				ENABLE_PREVIEWS = YES;
				INFOPLIST_FILE = "Udder-iOS13/Info.plist";
				LD_RUNPATH_SEARCH_PATHS = (
					"$(inherited)",
					"@executable_path/Frameworks",
				);
				PRODUCT_BUNDLE_IDENTIFIER = "com.johncupak.Udder-iOS13";
				PRODUCT_NAME = "$(TARGET_NAME)";
				SWIFT_VERSION = 5.0;
				TARGETED_DEVICE_FAMILY = "1,2";
			};
			name = Debug;
		};
		5236B0092416B0FA00C2B55F /* Release */ = {
			isa = XCBuildConfiguration;
			buildSettings = {
				ASSETCATALOG_COMPILER_APPICON_NAME = AppIcon;
				CODE_SIGN_STYLE = Automatic;
				DEVELOPMENT_ASSET_PATHS = "\"Udder-iOS13/Preview Content\"";
				DEVELOPMENT_TEAM = H6XPRE5T84;
				ENABLE_PREVIEWS = YES;
				INFOPLIST_FILE = "Udder-iOS13/Info.plist";
				LD_RUNPATH_SEARCH_PATHS = (
					"$(inherited)",
					"@executable_path/Frameworks",
				);
				PRODUCT_BUNDLE_IDENTIFIER = "com.johncupak.Udder-iOS13";
				PRODUCT_NAME = "$(TARGET_NAME)";
				SWIFT_VERSION = 5.0;
				TARGETED_DEVICE_FAMILY = "1,2";
			};
			name = Release;
		};
/* End XCBuildConfiguration section */

/* Begin XCConfigurationList section */
		5236AFEE2416B0F900C2B55F /* Build configuration list for PBXProject "Udder-iOS13" */ = {
			isa = XCConfigurationList;
			buildConfigurations = (
				5236B0052416B0FA00C2B55F /* Debug */,
				5236B0062416B0FA00C2B55F /* Release */,
			);
			defaultConfigurationIsVisible = 0;
			defaultConfigurationName = Release;
		};
		5236B0072416B0FA00C2B55F /* Build configuration list for PBXNativeTarget "Udder-iOS13" */ = {
			isa = XCConfigurationList;
			buildConfigurations = (
				5236B0082416B0FA00C2B55F /* Debug */,
				5236B0092416B0FA00C2B55F /* Release */,
			);
			defaultConfigurationIsVisible = 0;
			defaultConfigurationName = Release;
		};
/* End XCConfigurationList section */
	};
	rootObject = 5236AFEB2416B0F900C2B55F /* Project object */;
}
